// !$*UTF8*$!
{
	archiveVersion = 1;
	classes = {
	};
	objectVersion = 46;
	objects = {

/* Begin PBXBuildFile section */
		BB2A66CF1A4234CE00DFCEA6 /* AppDelegate.swift in Sources */ = {isa = PBXBuildFile; fileRef = BB2A66CE1A4234CE00DFCEA6 /* AppDelegate.swift */; };
		BB2A66D11A4234CE00DFCEA6 /* ViewController.swift in Sources */ = {isa = PBXBuildFile; fileRef = BB2A66D01A4234CE00DFCEA6 /* ViewController.swift */; };
		BB2A66D41A4234CE00DFCEA6 /* Main.storyboard in Resources */ = {isa = PBXBuildFile; fileRef = BB2A66D21A4234CE00DFCEA6 /* Main.storyboard */; };
		BB2A66D61A4234CE00DFCEA6 /* Images.xcassets in Resources */ = {isa = PBXBuildFile; fileRef = BB2A66D51A4234CE00DFCEA6 /* Images.xcassets */; };
		BB2A66D91A4234CE00DFCEA6 /* LaunchScreen.xib in Resources */ = {isa = PBXBuildFile; fileRef = BB2A66D71A4234CE00DFCEA6 /* LaunchScreen.xib */; };
		BB2A66E51A4234CF00DFCEA6 /* FunFactsTests.swift in Sources */ = {isa = PBXBuildFile; fileRef = BB2A66E41A4234CF00DFCEA6 /* FunFactsTests.swift */; };
		BB2A66F11A4432CE00DFCEA6 /* factBook.swift in Sources */ = {isa = PBXBuildFile; fileRef = BB2A66F01A4432CD00DFCEA6 /* factBook.swift */; };
		BB2A66F31A447B0000DFCEA6 /* ColorWheel.swift in Sources */ = {isa = PBXBuildFile; fileRef = BB2A66F21A447B0000DFCEA6 /* ColorWheel.swift */; };
/* End PBXBuildFile section */

/* Begin PBXContainerItemProxy section */
		BB2A66DF1A4234CF00DFCEA6 /* PBXContainerItemProxy */ = {
			isa = PBXContainerItemProxy;
			containerPortal = BB2A66C11A4234CE00DFCEA6 /* Project object */;
			proxyType = 1;
			remoteGlobalIDString = BB2A66C81A4234CE00DFCEA6;
			remoteInfo = FunFacts;
		};
/* End PBXContainerItemProxy section */

/* Begin PBXFileReference section */
		BB2A66C91A4234CE00DFCEA6 /* FunFacts.app */ = {isa = PBXFileReference; explicitFileType = wrapper.application; includeInIndex = 0; path = FunFacts.app; sourceTree = BUILT_PRODUCTS_DIR; };
		BB2A66CD1A4234CE00DFCEA6 /* Info.plist */ = {isa = PBXFileReference; lastKnownFileType = text.plist.xml; path = Info.plist; sourceTree = "<group>"; };
		BB2A66CE1A4234CE00DFCEA6 /* AppDelegate.swift */ = {isa = PBXFileReference; lastKnownFileType = sourcecode.swift; path = AppDelegate.swift; sourceTree = "<group>"; };
		BB2A66D01A4234CE00DFCEA6 /* ViewController.swift */ = {isa = PBXFileReference; lastKnownFileType = sourcecode.swift; path = ViewController.swift; sourceTree = "<group>"; };
		BB2A66D31A4234CE00DFCEA6 /* Base */ = {isa = PBXFileReference; lastKnownFileType = file.storyboard; name = Base; path = Base.lproj/Main.storyboard; sourceTree = "<group>"; };
		BB2A66D51A4234CE00DFCEA6 /* Images.xcassets */ = {isa = PBXFileReference; lastKnownFileType = folder.assetcatalog; path = Images.xcassets; sourceTree = "<group>"; };
		BB2A66D81A4234CE00DFCEA6 /* Base */ = {isa = PBXFileReference; lastKnownFileType = file.xib; name = Base; path = Base.lproj/LaunchScreen.xib; sourceTree = "<group>"; };
		BB2A66DE1A4234CF00DFCEA6 /* FunFactsTests.xctest */ = {isa = PBXFileReference; explicitFileType = wrapper.cfbundle; includeInIndex = 0; path = FunFactsTests.xctest; sourceTree = BUILT_PRODUCTS_DIR; };
		BB2A66E31A4234CF00DFCEA6 /* Info.plist */ = {isa = PBXFileReference; lastKnownFileType = text.plist.xml; path = Info.plist; sourceTree = "<group>"; };
		BB2A66E41A4234CF00DFCEA6 /* FunFactsTests.swift */ = {isa = PBXFileReference; lastKnownFileType = sourcecode.swift; path = FunFactsTests.swift; sourceTree = "<group>"; };
		BB2A66EE1A4235ED00DFCEA6 /* scratchPad.playground */ = {isa = PBXFileReference; lastKnownFileType = file.playground; name = scratchPad.playground; path = FunFacts/scratchPad.playground; sourceTree = "<group>"; };
		BB2A66F01A4432CD00DFCEA6 /* factBook.swift */ = {isa = PBXFileReference; fileEncoding = 4; lastKnownFileType = sourcecode.swift; path = factBook.swift; sourceTree = "<group>"; };
		BB2A66F21A447B0000DFCEA6 /* ColorWheel.swift */ = {isa = PBXFileReference; fileEncoding = 4; lastKnownFileType = sourcecode.swift; path = ColorWheel.swift; sourceTree = "<group>"; };
/* End PBXFileReference section */

/* Begin PBXFrameworksBuildPhase section */
		BB2A66C61A4234CE00DFCEA6 /* Frameworks */ = {
			isa = PBXFrameworksBuildPhase;
			buildActionMask = 2147483647;
			files = (
			);
			runOnlyForDeploymentPostprocessing = 0;
		};
		BB2A66DB1A4234CF00DFCEA6 /* Frameworks */ = {
			isa = PBXFrameworksBuildPhase;
			buildActionMask = 2147483647;
			files = (
			);
			runOnlyForDeploymentPostprocessing = 0;
		};
/* End PBXFrameworksBuildPhase section */

/* Begin PBXGroup section */
		BB2A66C01A4234CE00DFCEA6 = {
			isa = PBXGroup;
			children = (
				BB2A66CB1A4234CE00DFCEA6 /* FunFacts */,
				BB2A66EF1A4235FD00DFCEA6 /* Playgrounds */,
				BB2A66E11A4234CF00DFCEA6 /* FunFactsTests */,
				BB2A66CA1A4234CE00DFCEA6 /* Products */,
			);
			sourceTree = "<group>";
		};
		BB2A66CA1A4234CE00DFCEA6 /* Products */ = {
			isa = PBXGroup;
			children = (
				BB2A66C91A4234CE00DFCEA6 /* FunFacts.app */,
				BB2A66DE1A4234CF00DFCEA6 /* FunFactsTests.xctest */,
			);
			name = Products;
			sourceTree = "<group>";
		};
		BB2A66CB1A4234CE00DFCEA6 /* FunFacts */ = {
			isa = PBXGroup;
			children = (
				BB2A66CE1A4234CE00DFCEA6 /* AppDelegate.swift */,
				BB2A66F01A4432CD00DFCEA6 /* factBook.swift */,
				BB2A66D01A4234CE00DFCEA6 /* ViewController.swift */,
				BB2A66D21A4234CE00DFCEA6 /* Main.storyboard */,
				BB2A66D51A4234CE00DFCEA6 /* Images.xcassets */,
				BB2A66D71A4234CE00DFCEA6 /* LaunchScreen.xib */,
				BB2A66CC1A4234CE00DFCEA6 /* Supporting Files */,
				BB2A66F21A447B0000DFCEA6 /* ColorWheel.swift */,
			);
			path = FunFacts;
			sourceTree = "<group>";
		};
		BB2A66CC1A4234CE00DFCEA6 /* Supporting Files */ = {
			isa = PBXGroup;
			children = (
				BB2A66CD1A4234CE00DFCEA6 /* Info.plist */,
			);
			name = "Supporting Files";
			sourceTree = "<group>";
		};
		BB2A66E11A4234CF00DFCEA6 /* FunFactsTests */ = {
			isa = PBXGroup;
			children = (
				BB2A66E41A4234CF00DFCEA6 /* FunFactsTests.swift */,
				BB2A66E21A4234CF00DFCEA6 /* Supporting Files */,
			);
			path = FunFactsTests;
			sourceTree = "<group>";
		};
		BB2A66E21A4234CF00DFCEA6 /* Supporting Files */ = {
			isa = PBXGroup;
			children = (
				BB2A66E31A4234CF00DFCEA6 /* Info.plist */,
			);
			name = "Supporting Files";
			sourceTree = "<group>";
		};
		BB2A66EF1A4235FD00DFCEA6 /* Playgrounds */ = {
			isa = PBXGroup;
			children = (
				BB2A66EE1A4235ED00DFCEA6 /* scratchPad.playground */,
			);
			name = Playgrounds;
			sourceTree = "<group>";
		};
/* End PBXGroup section */

/* Begin PBXNativeTarget section */
		BB2A66C81A4234CE00DFCEA6 /* FunFacts */ = {
			isa = PBXNativeTarget;
			buildConfigurationList = BB2A66E81A4234CF00DFCEA6 /* Build configuration list for PBXNativeTarget "FunFacts" */;
			buildPhases = (
				BB2A66C51A4234CE00DFCEA6 /* Sources */,
				BB2A66C61A4234CE00DFCEA6 /* Frameworks */,
				BB2A66C71A4234CE00DFCEA6 /* Resources */,
			);
			buildRules = (
			);
			dependencies = (
			);
			name = FunFacts;
			productName = FunFacts;
			productReference = BB2A66C91A4234CE00DFCEA6 /* FunFacts.app */;
			productType = "com.apple.product-type.application";
		};
		BB2A66DD1A4234CF00DFCEA6 /* FunFactsTests */ = {
			isa = PBXNativeTarget;
			buildConfigurationList = BB2A66EB1A4234CF00DFCEA6 /* Build configuration list for PBXNativeTarget "FunFactsTests" */;
			buildPhases = (
				BB2A66DA1A4234CF00DFCEA6 /* Sources */,
				BB2A66DB1A4234CF00DFCEA6 /* Frameworks */,
				BB2A66DC1A4234CF00DFCEA6 /* Resources */,
			);
			buildRules = (
			);
			dependencies = (
				BB2A66E01A4234CF00DFCEA6 /* PBXTargetDependency */,
			);
			name = FunFactsTests;
			productName = FunFactsTests;
			productReference = BB2A66DE1A4234CF00DFCEA6 /* FunFactsTests.xctest */;
			productType = "com.apple.product-type.bundle.unit-test";
		};
/* End PBXNativeTarget section */

/* Begin PBXProject section */
		BB2A66C11A4234CE00DFCEA6 /* Project object */ = {
			isa = PBXProject;
			attributes = {
				LastUpgradeCheck = 0610;
				ORGANIZATIONNAME = "Mathias Menzl";
				TargetAttributes = {
					BB2A66C81A4234CE00DFCEA6 = {
						CreatedOnToolsVersion = 6.1.1;
						DevelopmentTeam = K6ZPGPRJE7;
					};
					BB2A66DD1A4234CF00DFCEA6 = {
						CreatedOnToolsVersion = 6.1.1;
						TestTargetID = BB2A66C81A4234CE00DFCEA6;
					};
				};
			};
			buildConfigurationList = BB2A66C41A4234CE00DFCEA6 /* Build configuration list for PBXProject "FunFacts" */;
			compatibilityVersion = "Xcode 3.2";
			developmentRegion = English;
			hasScannedForEncodings = 0;
			knownRegions = (
				en,
				Base,
			);
			mainGroup = BB2A66C01A4234CE00DFCEA6;
			productRefGroup = BB2A66CA1A4234CE00DFCEA6 /* Products */;
			projectDirPath = "";
			projectRoot = "";
			targets = (
				BB2A66C81A4234CE00DFCEA6 /* FunFacts */,
				BB2A66DD1A4234CF00DFCEA6 /* FunFactsTests */,
			);
		};
/* End PBXProject section */

/* Begin PBXResourcesBuildPhase section */
		BB2A66C71A4234CE00DFCEA6 /* Resources */ = {
			isa = PBXResourcesBuildPhase;
			buildActionMask = 2147483647;
			files = (
				BB2A66D41A4234CE00DFCEA6 /* Main.storyboard in Resources */,
				BB2A66D91A4234CE00DFCEA6 /* LaunchScreen.xib in Resources */,
				BB2A66D61A4234CE00DFCEA6 /* Images.xcassets in Resources */,
			);
			runOnlyForDeploymentPostprocessing = 0;
		};
		BB2A66DC1A4234CF00DFCEA6 /* Resources */ = {
			isa = PBXResourcesBuildPhase;
			buildActionMask = 2147483647;
			files = (
			);
			runOnlyForDeploymentPostprocessing = 0;
		};
/* End PBXResourcesBuildPhase section */

/* Begin PBXSourcesBuildPhase section */
		BB2A66C51A4234CE00DFCEA6 /* Sources */ = {
			isa = PBXSourcesBuildPhase;
			buildActionMask = 2147483647;
			files = (
				BB2A66D11A4234CE00DFCEA6 /* ViewController.swift in Sources */,
				BB2A66CF1A4234CE00DFCEA6 /* AppDelegate.swift in Sources */,
				BB2A66F11A4432CE00DFCEA6 /* factBook.swift in Sources */,
				BB2A66F31A447B0000DFCEA6 /* ColorWheel.swift in Sources */,
			);
			runOnlyForDeploymentPostprocessing = 0;
		};
		BB2A66DA1A4234CF00DFCEA6 /* Sources */ = {
			isa = PBXSourcesBuildPhase;
			buildActionMask = 2147483647;
			files = (
				BB2A66E51A4234CF00DFCEA6 /* FunFactsTests.swift in Sources */,
			);
			runOnlyForDeploymentPostprocessing = 0;
		};
/* End PBXSourcesBuildPhase section */

/* Begin PBXTargetDependency section */
		BB2A66E01A4234CF00DFCEA6 /* PBXTargetDependency */ = {
			isa = PBXTargetDependency;
			target = BB2A66C81A4234CE00DFCEA6 /* FunFacts */;
			targetProxy = BB2A66DF1A4234CF00DFCEA6 /* PBXContainerItemProxy */;
		};
/* End PBXTargetDependency section */

/* Begin PBXVariantGroup section */
		BB2A66D21A4234CE00DFCEA6 /* Main.storyboard */ = {
			isa = PBXVariantGroup;
			children = (
				BB2A66D31A4234CE00DFCEA6 /* Base */,
			);
			name = Main.storyboard;
			sourceTree = "<group>";
		};
		BB2A66D71A4234CE00DFCEA6 /* LaunchScreen.xib */ = {
			isa = PBXVariantGroup;
			children = (
				BB2A66D81A4234CE00DFCEA6 /* Base */,
			);
			name = LaunchScreen.xib;
			sourceTree = "<group>";
		};
/* End PBXVariantGroup section */

/* Begin XCBuildConfiguration section */
		BB2A66E61A4234CF00DFCEA6 /* Debug */ = {
			isa = XCBuildConfiguration;
			buildSettings = {
				ALWAYS_SEARCH_USER_PATHS = NO;
				CLANG_CXX_LANGUAGE_STANDARD = "gnu++0x";
				CLANG_CXX_LIBRARY = "libc++";
				CLANG_ENABLE_MODULES = YES;
				CLANG_ENABLE_OBJC_ARC = YES;
				CLANG_WARN_BOOL_CONVERSION = YES;
				CLANG_WARN_CONSTANT_CONVERSION = YES;
				CLANG_WARN_DIRECT_OBJC_ISA_USAGE = YES_ERROR;
				CLANG_WARN_EMPTY_BODY = YES;
				CLANG_WARN_ENUM_CONVERSION = YES;
				CLANG_WARN_INT_CONVERSION = YES;
				CLANG_WARN_OBJC_ROOT_CLASS = YES_ERROR;
				CLANG_WARN_UNREACHABLE_CODE = YES;
				CLANG_WARN__DUPLICATE_METHOD_MATCH = YES;
				"CODE_SIGN_IDENTITY[sdk=iphoneos*]" = "iPhone Developer";
				COPY_PHASE_STRIP = NO;
				ENABLE_STRICT_OBJC_MSGSEND = YES;
				GCC_C_LANGUAGE_STANDARD = gnu99;
				GCC_DYNAMIC_NO_PIC = NO;
				GCC_OPTIMIZATION_LEVEL = 0;
				GCC_PREPROCESSOR_DEFINITIONS = (
					"DEBUG=1",
					"$(inherited)",
				);
				GCC_SYMBOLS_PRIVATE_EXTERN = NO;
				GCC_WARN_64_TO_32_BIT_CONVERSION = YES;
				GCC_WARN_ABOUT_RETURN_TYPE = YES_ERROR;
				GCC_WARN_UNDECLARED_SELECTOR = YES;
				GCC_WARN_UNINITIALIZED_AUTOS = YES_AGGRESSIVE;
				GCC_WARN_UNUSED_FUNCTION = YES;
				GCC_WARN_UNUSED_VARIABLE = YES;
				IPHONEOS_DEPLOYMENT_TARGET = 8.1;
				MTL_ENABLE_DEBUG_INFO = YES;
				ONLY_ACTIVE_ARCH = YES;
				SDKROOT = iphoneos;
				SWIFT_OPTIMIZATION_LEVEL = "-Onone";
			};
			name = Debug;
		};
		BB2A66E71A4234CF00DFCEA6 /* Release */ = {
			isa = XCBuildConfiguration;
			buildSettings = {
				ALWAYS_SEARCH_USER_PATHS = NO;
				CLANG_CXX_LANGUAGE_STANDARD = "gnu++0x";
				CLANG_CXX_LIBRARY = "libc++";
				CLANG_ENABLE_MODULES = YES;
				CLANG_ENABLE_OBJC_ARC = YES;
				CLANG_WARN_BOOL_CONVERSION = YES;
				CLANG_WARN_CONSTANT_CONVERSION = YES;
				CLANG_WARN_DIRECT_OBJC_ISA_USAGE = YES_ERROR;
				CLANG_WARN_EMPTY_BODY = YES;
				CLANG_WARN_ENUM_CONVERSION = YES;
				CLANG_WARN_INT_CONVERSION = YES;
				CLANG_WARN_OBJC_ROOT_CLASS = YES_ERROR;
				CLANG_WARN_UNREACHABLE_CODE = YES;
				CLANG_WARN__DUPLICATE_METHOD_MATCH = YES;
				"CODE_SIGN_IDENTITY[sdk=iphoneos*]" = "iPhone Developer";
				COPY_PHASE_STRIP = YES;
				ENABLE_NS_ASSERTIONS = NO;
				ENABLE_STRICT_OBJC_MSGSEND = YES;
				GCC_C_LANGUAGE_STANDARD = gnu99;
				GCC_WARN_64_TO_32_BIT_CONVERSION = YES;
				GCC_WARN_ABOUT_RETURN_TYPE = YES_ERROR;
				GCC_WARN_UNDECLARED_SELECTOR = YES;
				GCC_WARN_UNINITIALIZED_AUTOS = YES_AGGRESSIVE;
				GCC_WARN_UNUSED_FUNCTION = YES;
				GCC_WARN_UNUSED_VARIABLE = YES;
				IPHONEOS_DEPLOYMENT_TARGET = 8.1;
				MTL_ENABLE_DEBUG_INFO = NO;
				SDKROOT = iphoneos;
				VALIDATE_PRODUCT = YES;
			};
			name = Release;
		};
		BB2A66E91A4234CF00DFCEA6 /* Debug */ = {
			isa = XCBuildConfiguration;
			buildSettings = {
				ASSETCATALOG_COMPILER_APPICON_NAME = AppIcon;
				CODE_SIGN_IDENTITY = "iPhone Developer";
				INFOPLIST_FILE = FunFacts/Info.plist;
				LD_RUNPATH_SEARCH_PATHS = "$(inherited) @executable_path/Frameworks";
				PRODUCT_NAME = "$(TARGET_NAME)";
			};
			name = Debug;
		};
		BB2A66EA1A4234CF00DFCEA6 /* Release */ = {
			isa = XCBuildConfiguration;
			buildSettings = {
				ASSETCATALOG_COMPILER_APPICON_NAME = AppIcon;
				CODE_SIGN_IDENTITY = "iPhone Developer";
				INFOPLIST_FILE = FunFacts/Info.plist;
				LD_RUNPATH_SEARCH_PATHS = "$(inherited) @executable_path/Frameworks";
				PRODUCT_NAME = "$(TARGET_NAME)";
			};
			name = Release;
		};
		BB2A66EC1A4234CF00DFCEA6 /* Debug */ = {
			isa = XCBuildConfiguration;
			buildSettings = {
				BUNDLE_LOADER = "$(TEST_HOST)";
				FRAMEWORK_SEARCH_PATHS = (
					"$(SDKROOT)/Developer/Library/Frameworks",
					"$(inherited)",
				);
				GCC_PREPROCESSOR_DEFINITIONS = (
					"DEBUG=1",
					"$(inherited)",
				);
				INFOPLIST_FILE = FunFactsTests/Info.plist;
				LD_RUNPATH_SEARCH_PATHS = "$(inherited) @executable_path/Frameworks @loader_path/Frameworks";
				PRODUCT_NAME = "$(TARGET_NAME)";
				TEST_HOST = "$(BUILT_PRODUCTS_DIR)/FunFacts.app/FunFacts";
			};
			name = Debug;
		};
		BB2A66ED1A4234CF00DFCEA6 /* Release */ = {
			isa = XCBuildConfiguration;
			buildSettings = {
				BUNDLE_LOADER = "$(TEST_HOST)";
				FRAMEWORK_SEARCH_PATHS = (
					"$(SDKROOT)/Developer/Library/Frameworks",
					"$(inherited)",
				);
				INFOPLIST_FILE = FunFactsTests/Info.plist;
				LD_RUNPATH_SEARCH_PATHS = "$(inherited) @executable_path/Frameworks @loader_path/Frameworks";
				PRODUCT_NAME = "$(TARGET_NAME)";
				TEST_HOST = "$(BUILT_PRODUCTS_DIR)/FunFacts.app/FunFacts";
			};
			name = Release;
		};
/* End XCBuildConfiguration section */

/* Begin XCConfigurationList section */
		BB2A66C41A4234CE00DFCEA6 /* Build configuration list for PBXProject "FunFacts" */ = {
			isa = XCConfigurationList;
			buildConfigurations = (
				BB2A66E61A4234CF00DFCEA6 /* Debug */,
				BB2A66E71A4234CF00DFCEA6 /* Release */,
			);
			defaultConfigurationIsVisible = 0;
			defaultConfigurationName = Release;
		};
		BB2A66E81A4234CF00DFCEA6 /* Build configuration list for PBXNativeTarget "FunFacts" */ = {
			isa = XCConfigurationList;
			buildConfigurations = (
				BB2A66E91A4234CF00DFCEA6 /* Debug */,
				BB2A66EA1A4234CF00DFCEA6 /* Release */,
			);
			defaultConfigurationIsVisible = 0;
		};
		BB2A66EB1A4234CF00DFCEA6 /* Build configuration list for PBXNativeTarget "FunFactsTests" */ = {
			isa = XCConfigurationList;
			buildConfigurations = (
				BB2A66EC1A4234CF00DFCEA6 /* Debug */,
				BB2A66ED1A4234CF00DFCEA6 /* Release */,
			);
			defaultConfigurationIsVisible = 0;
		};
/* End XCConfigurationList section */
	};
	rootObject = BB2A66C11A4234CE00DFCEA6 /* Project object */;
}
